Microsoft Visual Studio Solution File, Format Version 12.00
# Visual Studio Version 17
VisualStudioVersion = 17.5.2.0
MinimumVisualStudioVersion = 10.0.40219.1
Project("{FAE04EC0-301F-11D3-BF4B-00C04F79EFBC}") = "PSAgent", "PSAgent.csproj", "{7E0F12B2-75C3-09F8-A9C7-87B3309D6589}"
EndProject
Global
	GlobalSection(SolutionConfigurationPlatforms) = preSolution
		Debug|Any CPU = Debug|Any CPU
		Release|Any CPU = Release|Any CPU
	EndGlobalSection
	GlobalSection(ProjectConfigurationPlatforms) = postSolution
		{7E0F12B2-75C3-09F8-A9C7-87B3309D6589}.Debug|Any CPU.ActiveCfg = Debug|Any CPU
		{7E0F12B2-75C3-09F8-A9C7-87B3309D6589}.Debug|Any CPU.Build.0 = Debug|Any CPU
		{7E0F12B2-75C3-09F8-A9C7-87B3309D6589}.Release|Any CPU.ActiveCfg = Release|Any CPU
		{7E0F12B2-75C3-09F8-A9C7-87B3309D6589}.Release|Any CPU.Build.0 = Release|Any CPU
	EndGlobalSection
	GlobalSection(SolutionProperties) = preSolution
		HideSolutionNode = FALSE
	EndGlobalSection
	GlobalSection(ExtensibilityGlobals) = postSolution
		SolutionGuid = {0B0E92A6-C3F8-45D2-BF85-57532E30442E}
	EndGlobalSection
EndGlobal
